# Code generated by scarb DO NOT EDIT.
version = 1

[[package]]
name = "cairo_lib"
version = "0.2.0"
source = "git+https://github.com/HerodotusDev/cairo-lib.git#a0c0ee4feeb4edb61e7a35d29595ad8647c3d469"

[[package]]
name = "foundrycontracts"
version = "0.1.0"
dependencies = [
 "cairo_lib",
 "openzeppelin",
 "snforge_std",
]

[[package]]
name = "openzeppelin"
version = "0.9.0"
source = "git+https://github.com/OpenZeppelin/cairo-contracts.git?tag=v0.9.0#861fc416f87addbe23a3b47f9d19ab27c10d5dc8"

[[package]]
name = "snforge_std"
version = "0.18.0"
source = "git+https://github.com/foundry-rs/starknet-foundry?tag=v0.18.0#48f909a56b08cbdc5ca6a21a836b0fbc6c36d55b"
